
Microsoft Visual Studio Solution File, Format Version 12.00
# Visual Studio Version 16
VisualStudioVersion = 16.0.30711.63
MinimumVisualStudioVersion = 10.0.40219.1
Project("{FAE04EC0-301F-11D3-BF4B-00C04F79EFBC}") = "Naznean_Larisa_Lab8", "Naznean_Larisa_Lab8.csproj", "{6AEE62F0-3AF9-4B39-9B49-95A63246837F}"
EndProject
Global
	GlobalSection(SolutionConfigurationPlatforms) = preSolution
		Debug|Any CPU = Debug|Any CPU
		Release|Any CPU = Release|Any CPU
	EndGlobalSection
	GlobalSection(ProjectConfigurationPlatforms) = postSolution
		{6AEE62F0-3AF9-4B39-9B49-95A63246837F}.Debug|Any CPU.ActiveCfg = Debug|Any CPU
		{6AEE62F0-3AF9-4B39-9B49-95A63246837F}.Debug|Any CPU.Build.0 = Debug|Any CPU
		{6AEE62F0-3AF9-4B39-9B49-95A63246837F}.Release|Any CPU.ActiveCfg = Release|Any CPU
		{6AEE62F0-3AF9-4B39-9B49-95A63246837F}.Release|Any CPU.Build.0 = Release|Any CPU
	EndGlobalSection
	GlobalSection(SolutionProperties) = preSolution
		HideSolutionNode = FALSE
	EndGlobalSection
	GlobalSection(ExtensibilityGlobals) = postSolution
		SolutionGuid = {B0393D43-5CBE-42DC-AD79-614167853CDF}
	EndGlobalSection
EndGlobal
